
Microsoft Visual Studio Solution File, Format Version 12.00
# Visual Studio Version 16
VisualStudioVersion = 16.0.31702.278
MinimumVisualStudioVersion = 10.0.40219.1
Project("{FAE04EC0-301F-11D3-BF4B-00C04F79EFBC}") = "WpfApp6", "WpfApp6\WpfApp6.csproj", "{A9A4108B-0E77-4326-B1D9-AB22ED2310DD}"
EndProject
Global
	GlobalSection(SolutionConfigurationPlatforms) = preSolution
		Debug|Any CPU = Debug|Any CPU
		Release|Any CPU = Release|Any CPU
	EndGlobalSection
	GlobalSection(ProjectConfigurationPlatforms) = postSolution
		{A9A4108B-0E77-4326-B1D9-AB22ED2310DD}.Debug|Any CPU.ActiveCfg = Debug|Any CPU
		{A9A4108B-0E77-4326-B1D9-AB22ED2310DD}.Debug|Any CPU.Build.0 = Debug|Any CPU
		{A9A4108B-0E77-4326-B1D9-AB22ED2310DD}.Release|Any CPU.ActiveCfg = Release|Any CPU
		{A9A4108B-0E77-4326-B1D9-AB22ED2310DD}.Release|Any CPU.Build.0 = Release|Any CPU
	EndGlobalSection
	GlobalSection(SolutionProperties) = preSolution
		HideSolutionNode = FALSE
	EndGlobalSection
	GlobalSection(ExtensibilityGlobals) = postSolution
		SolutionGuid = {8A0C49DD-7241-4362-A13A-C7E0C136F21B}
	EndGlobalSection
EndGlobal
